
Microsoft Visual Studio Solution File, Format Version 12.00
# Visual Studio Version 16
VisualStudioVersion = 25.0.1704.3
MinimumVisualStudioVersion = 10.0.40219.1
Project("{FAE04EC0-301F-11D3-BF4B-00C04F79EFBC}") = "Authentication.API", "src\Authentication.API\Authentication.API.csproj", "{26AD1BC9-B389-473C-947B-F45B961D5F27}"
EndProject
Project("{FAE04EC0-301F-11D3-BF4B-00C04F79EFBC}") = "Authentication.Core", "src\Authentication.Core\Authentication.Core.csproj", "{34AEBD17-2036-4DFB-B2A4-CEE04918A276}"
EndProject
Project("{FAE04EC0-301F-11D3-BF4B-00C04F79EFBC}") = "Authentication.Services", "src\Authentication.Services\Authentication.Services.csproj", "{E7819632-AB18-44B0-BCE9-4BFCE2949AD2}"
EndProject
Project("{FAE04EC0-301F-11D3-BF4B-00C04F79EFBC}") = "Authentication.Abstractions", "src\Authentication.Abstractions\Authentication.Abstractions.csproj", "{6DBB3419-97ED-49FB-B2FF-4007FA841186}"
EndProject
Project("{FAE04EC0-301F-11D3-BF4B-00C04F79EFBC}") = "Authentication.DataTransferModels", "src\Authentication.DataTransferModels\Authentication.DataTransferModels.csproj", "{6434D55E-E405-43BF-B655-79F2FF65AF53}"
EndProject
Project("{FAE04EC0-301F-11D3-BF4B-00C04F79EFBC}") = "Authentication.Data", "src\Authentication.Data\Authentication.Data.csproj", "{893E25FB-DD9E-439C-A28E-D0FDD38ED164}"
EndProject
Project("{FAE04EC0-301F-11D3-BF4B-00C04F79EFBC}") = "Authentication.Domain", "src\Authentication.Domain\Authentication.Domain.csproj", "{78C11BE1-39FF-4D76-B910-036509707874}"
EndProject
Project("{FAE04EC0-301F-11D3-BF4B-00C04F79EFBC}") = "Authentication.Infrastructure", "src\Authentication.Infrastructure\Authentication.Infrastructure.csproj", "{04665A29-0322-4B02-83AC-490FC8D449ED}"
EndProject
Global
	GlobalSection(SolutionConfigurationPlatforms) = preSolution
		Debug|Any CPU = Debug|Any CPU
		Release|Any CPU = Release|Any CPU
	EndGlobalSection
	GlobalSection(ProjectConfigurationPlatforms) = postSolution
		{26AD1BC9-B389-473C-947B-F45B961D5F27}.Debug|Any CPU.ActiveCfg = Debug|Any CPU
		{26AD1BC9-B389-473C-947B-F45B961D5F27}.Debug|Any CPU.Build.0 = Debug|Any CPU
		{26AD1BC9-B389-473C-947B-F45B961D5F27}.Release|Any CPU.ActiveCfg = Release|Any CPU
		{26AD1BC9-B389-473C-947B-F45B961D5F27}.Release|Any CPU.Build.0 = Release|Any CPU
		{34AEBD17-2036-4DFB-B2A4-CEE04918A276}.Debug|Any CPU.ActiveCfg = Debug|Any CPU
		{34AEBD17-2036-4DFB-B2A4-CEE04918A276}.Debug|Any CPU.Build.0 = Debug|Any CPU
		{34AEBD17-2036-4DFB-B2A4-CEE04918A276}.Release|Any CPU.ActiveCfg = Release|Any CPU
		{34AEBD17-2036-4DFB-B2A4-CEE04918A276}.Release|Any CPU.Build.0 = Release|Any CPU
		{E7819632-AB18-44B0-BCE9-4BFCE2949AD2}.Debug|Any CPU.ActiveCfg = Debug|Any CPU
		{E7819632-AB18-44B0-BCE9-4BFCE2949AD2}.Debug|Any CPU.Build.0 = Debug|Any CPU
		{E7819632-AB18-44B0-BCE9-4BFCE2949AD2}.Release|Any CPU.ActiveCfg = Release|Any CPU
		{E7819632-AB18-44B0-BCE9-4BFCE2949AD2}.Release|Any CPU.Build.0 = Release|Any CPU
		{6DBB3419-97ED-49FB-B2FF-4007FA841186}.Debug|Any CPU.ActiveCfg = Debug|Any CPU
		{6DBB3419-97ED-49FB-B2FF-4007FA841186}.Debug|Any CPU.Build.0 = Debug|Any CPU
		{6DBB3419-97ED-49FB-B2FF-4007FA841186}.Release|Any CPU.ActiveCfg = Release|Any CPU
		{6DBB3419-97ED-49FB-B2FF-4007FA841186}.Release|Any CPU.Build.0 = Release|Any CPU
		{6434D55E-E405-43BF-B655-79F2FF65AF53}.Debug|Any CPU.ActiveCfg = Debug|Any CPU
		{6434D55E-E405-43BF-B655-79F2FF65AF53}.Debug|Any CPU.Build.0 = Debug|Any CPU
		{6434D55E-E405-43BF-B655-79F2FF65AF53}.Release|Any CPU.ActiveCfg = Release|Any CPU
		{6434D55E-E405-43BF-B655-79F2FF65AF53}.Release|Any CPU.Build.0 = Release|Any CPU
		{893E25FB-DD9E-439C-A28E-D0FDD38ED164}.Debug|Any CPU.ActiveCfg = Debug|Any CPU
		{893E25FB-DD9E-439C-A28E-D0FDD38ED164}.Debug|Any CPU.Build.0 = Debug|Any CPU
		{893E25FB-DD9E-439C-A28E-D0FDD38ED164}.Release|Any CPU.ActiveCfg = Release|Any CPU
		{893E25FB-DD9E-439C-A28E-D0FDD38ED164}.Release|Any CPU.Build.0 = Release|Any CPU
		{78C11BE1-39FF-4D76-B910-036509707874}.Debug|Any CPU.ActiveCfg = Debug|Any CPU
		{78C11BE1-39FF-4D76-B910-036509707874}.Debug|Any CPU.Build.0 = Debug|Any CPU
		{78C11BE1-39FF-4D76-B910-036509707874}.Release|Any CPU.ActiveCfg = Release|Any CPU
		{78C11BE1-39FF-4D76-B910-036509707874}.Release|Any CPU.Build.0 = Release|Any CPU
		{04665A29-0322-4B02-83AC-490FC8D449ED}.Debug|Any CPU.ActiveCfg = Debug|Any CPU
		{04665A29-0322-4B02-83AC-490FC8D449ED}.Debug|Any CPU.Build.0 = Debug|Any CPU
		{04665A29-0322-4B02-83AC-490FC8D449ED}.Release|Any CPU.ActiveCfg = Release|Any CPU
		{04665A29-0322-4B02-83AC-490FC8D449ED}.Release|Any CPU.Build.0 = Release|Any CPU
	EndGlobalSection
	GlobalSection(SolutionProperties) = preSolution
		HideSolutionNode = FALSE
	EndGlobalSection
	GlobalSection(ExtensibilityGlobals) = postSolution
		SolutionGuid = {8276D18E-DA1D-4D3E-BFC8-7BC71B60EFDD}
	EndGlobalSection
EndGlobal
